# THIS IS AN AUTOGENERATED FILE. DO NOT EDIT THIS FILE DIRECTLY.
# yarn lockfile v1


"@vant/weapp@^1.6.2":
  version "1.6.2"
  resolved "https://registry.npm.taobao.org/@vant/weapp/download/@vant/weapp-1.6.2.tgz#51a552ae597648b6955ed7360a537c126d9b83c3"
  integrity sha1-UaVSrll2SLaVXtc2ClN8Em2bg8M=

moment@^2.29.1:
  version "2.29.1"
  resolved "https://registry.npm.taobao.org/moment/download/moment-2.29.1.tgz#b2be769fa31940be9eeea6469c075e35006fa3d3"
  integrity sha1-sr52n6MZQL6e7qZGnAdeNQBvo9M=
